// !$*UTF8*$!
{
	archiveVersion = 1;
	classes = {
	};
	objectVersion = 48;
	objects = {

/* Begin PBXBuildFile section */
		493E3A0B1FBC6A53009971A5 /* CardsDataSource.swift in Sources */ = {isa = PBXBuildFile; fileRef = 493E3A0A1FBC6A53009971A5 /* CardsDataSource.swift */; };
		493E3A0D1FBC6A71009971A5 /* CardsDataSourceSpec.swift in Sources */ = {isa = PBXBuildFile; fileRef = 493E3A0C1FBC6A71009971A5 /* CardsDataSourceSpec.swift */; };
		497E82B21FB73B1900A15902 /* CardTableViewCell.swift in Sources */ = {isa = PBXBuildFile; fileRef = 497E82B11FB73B1900A15902 /* CardTableViewCell.swift */; };
		497E82B61FB77BD200A15902 /* CardsRepositoryServiceSpec.swift in Sources */ = {isa = PBXBuildFile; fileRef = 497E82B51FB77BD200A15902 /* CardsRepositoryServiceSpec.swift */; };
		4995C1D11FB7373800D856BB /* AppDelegate.swift in Sources */ = {isa = PBXBuildFile; fileRef = 4995C1D01FB7373800D856BB /* AppDelegate.swift */; };
		4995C1D81FB7373800D856BB /* Assets.xcassets in Resources */ = {isa = PBXBuildFile; fileRef = 4995C1D71FB7373800D856BB /* Assets.xcassets */; };
		4995C1DB1FB7373800D856BB /* LaunchScreen.storyboard in Resources */ = {isa = PBXBuildFile; fileRef = 4995C1D91FB7373800D856BB /* LaunchScreen.storyboard */; };
		49AA0A441FB77D5E00323E84 /* CardRepository.swift in Sources */ = {isa = PBXBuildFile; fileRef = 49AA0A431FB77D5E00323E84 /* CardRepository.swift */; };
		49AA0A461FB7852900323E84 /* Card.swift in Sources */ = {isa = PBXBuildFile; fileRef = 49AA0A451FB7852900323E84 /* Card.swift */; };
		49AA0A481FB86E0400323E84 /* CardsViewController.swift in Sources */ = {isa = PBXBuildFile; fileRef = 49AA0A471FB86E0400323E84 /* CardsViewController.swift */; };
		49E7EB711FB87992000FCF8E /* ActionsTabViewSpec.swift in Sources */ = {isa = PBXBuildFile; fileRef = 49E7EB701FB87992000FCF8E /* ActionsTabViewSpec.swift */; };
		49E7EB731FB879B4000FCF8E /* ActionsTabView.swift in Sources */ = {isa = PBXBuildFile; fileRef = 49E7EB721FB879B4000FCF8E /* ActionsTabView.swift */; };
		49E7EB751FB87AE3000FCF8E /* CodeView.swift in Sources */ = {isa = PBXBuildFile; fileRef = 49E7EB741FB87AE3000FCF8E /* CodeView.swift */; };
		49E7EB791FB887BD000FCF8E /* CardsControllerView.swift in Sources */ = {isa = PBXBuildFile; fileRef = 49E7EB781FB887BD000FCF8E /* CardsControllerView.swift */; };
		5C9D3B19AE98AEC749C69B18 /* Pods_CardsExercise.framework in Frameworks */ = {isa = PBXBuildFile; fileRef = A93F59E6F510D4375B36FDE4 /* Pods_CardsExercise.framework */; };
		8C5AAE7F709EF3AB93865113 /* Pods_CardsExerciseTests.framework in Frameworks */ = {isa = PBXBuildFile; fileRef = F9C0026C28D27DC921993933 /* Pods_CardsExerciseTests.framework */; };
/* End PBXBuildFile section */

/* Begin PBXContainerItemProxy section */
		4995C1E21FB7373800D856BB /* PBXContainerItemProxy */ = {
			isa = PBXContainerItemProxy;
			containerPortal = 4995C1C51FB7373800D856BB /* Project object */;
			proxyType = 1;
			remoteGlobalIDString = 4995C1CC1FB7373800D856BB;
			remoteInfo = CardsExercise;
		};
/* End PBXContainerItemProxy section */

/* Begin PBXFileReference section */
		17D56C5FA955A4B489526C0C /* Pods-CardsExercise.debug.xcconfig */ = {isa = PBXFileReference; includeInIndex = 1; lastKnownFileType = text.xcconfig; name = "Pods-CardsExercise.debug.xcconfig"; path = "Pods/Target Support Files/Pods-CardsExercise/Pods-CardsExercise.debug.xcconfig"; sourceTree = "<group>"; };
		2A0565C09CC7DC44BC7823A4 /* Pods-CardsExerciseTests.debug.xcconfig */ = {isa = PBXFileReference; includeInIndex = 1; lastKnownFileType = text.xcconfig; name = "Pods-CardsExerciseTests.debug.xcconfig"; path = "Pods/Target Support Files/Pods-CardsExerciseTests/Pods-CardsExerciseTests.debug.xcconfig"; sourceTree = "<group>"; };
		493E3A0A1FBC6A53009971A5 /* CardsDataSource.swift */ = {isa = PBXFileReference; lastKnownFileType = sourcecode.swift; path = CardsDataSource.swift; sourceTree = "<group>"; };
		493E3A0C1FBC6A71009971A5 /* CardsDataSourceSpec.swift */ = {isa = PBXFileReference; lastKnownFileType = sourcecode.swift; path = CardsDataSourceSpec.swift; sourceTree = "<group>"; };
		497E82B11FB73B1900A15902 /* CardTableViewCell.swift */ = {isa = PBXFileReference; lastKnownFileType = sourcecode.swift; path = CardTableViewCell.swift; sourceTree = "<group>"; };
		497E82B51FB77BD200A15902 /* CardsRepositoryServiceSpec.swift */ = {isa = PBXFileReference; lastKnownFileType = sourcecode.swift; path = CardsRepositoryServiceSpec.swift; sourceTree = "<group>"; };
		4995C1CD1FB7373800D856BB /* CardsExercise.app */ = {isa = PBXFileReference; explicitFileType = wrapper.application; includeInIndex = 0; path = CardsExercise.app; sourceTree = BUILT_PRODUCTS_DIR; };
		4995C1D01FB7373800D856BB /* AppDelegate.swift */ = {isa = PBXFileReference; lastKnownFileType = sourcecode.swift; path = AppDelegate.swift; sourceTree = "<group>"; };
		4995C1D71FB7373800D856BB /* Assets.xcassets */ = {isa = PBXFileReference; lastKnownFileType = folder.assetcatalog; path = Assets.xcassets; sourceTree = "<group>"; };
		4995C1DA1FB7373800D856BB /* Base */ = {isa = PBXFileReference; lastKnownFileType = file.storyboard; name = Base; path = Base.lproj/LaunchScreen.storyboard; sourceTree = "<group>"; };
		4995C1DC1FB7373800D856BB /* Info.plist */ = {isa = PBXFileReference; lastKnownFileType = text.plist.xml; path = Info.plist; sourceTree = "<group>"; };
		4995C1E11FB7373800D856BB /* CardsExerciseTests.xctest */ = {isa = PBXFileReference; explicitFileType = wrapper.cfbundle; includeInIndex = 0; path = CardsExerciseTests.xctest; sourceTree = BUILT_PRODUCTS_DIR; };
		4995C1E71FB7373800D856BB /* Info.plist */ = {isa = PBXFileReference; lastKnownFileType = text.plist.xml; path = Info.plist; sourceTree = "<group>"; };
		49AA0A431FB77D5E00323E84 /* CardRepository.swift */ = {isa = PBXFileReference; lastKnownFileType = sourcecode.swift; path = CardRepository.swift; sourceTree = "<group>"; };
		49AA0A451FB7852900323E84 /* Card.swift */ = {isa = PBXFileReference; lastKnownFileType = sourcecode.swift; path = Card.swift; sourceTree = "<group>"; };
		49AA0A471FB86E0400323E84 /* CardsViewController.swift */ = {isa = PBXFileReference; lastKnownFileType = sourcecode.swift; path = CardsViewController.swift; sourceTree = "<group>"; };
		49E7EB701FB87992000FCF8E /* ActionsTabViewSpec.swift */ = {isa = PBXFileReference; lastKnownFileType = sourcecode.swift; path = ActionsTabViewSpec.swift; sourceTree = "<group>"; };
		49E7EB721FB879B4000FCF8E /* ActionsTabView.swift */ = {isa = PBXFileReference; lastKnownFileType = sourcecode.swift; path = ActionsTabView.swift; sourceTree = "<group>"; };
		49E7EB741FB87AE3000FCF8E /* CodeView.swift */ = {isa = PBXFileReference; lastKnownFileType = sourcecode.swift; path = CodeView.swift; sourceTree = "<group>"; };
		49E7EB781FB887BD000FCF8E /* CardsControllerView.swift */ = {isa = PBXFileReference; lastKnownFileType = sourcecode.swift; path = CardsControllerView.swift; sourceTree = "<group>"; };
		A93F59E6F510D4375B36FDE4 /* Pods_CardsExercise.framework */ = {isa = PBXFileReference; explicitFileType = wrapper.framework; includeInIndex = 0; path = Pods_CardsExercise.framework; sourceTree = BUILT_PRODUCTS_DIR; };
		BCDA31FAF63E5218DDE78414 /* Pods-CardsExerciseTests.release.xcconfig */ = {isa = PBXFileReference; includeInIndex = 1; lastKnownFileType = text.xcconfig; name = "Pods-CardsExerciseTests.release.xcconfig"; path = "Pods/Target Support Files/Pods-CardsExerciseTests/Pods-CardsExerciseTests.release.xcconfig"; sourceTree = "<group>"; };
		C4C6DA4587D61F4B9BB24DCD /* Pods-CardsExercise.release.xcconfig */ = {isa = PBXFileReference; includeInIndex = 1; lastKnownFileType = text.xcconfig; name = "Pods-CardsExercise.release.xcconfig"; path = "Pods/Target Support Files/Pods-CardsExercise/Pods-CardsExercise.release.xcconfig"; sourceTree = "<group>"; };
		F9C0026C28D27DC921993933 /* Pods_CardsExerciseTests.framework */ = {isa = PBXFileReference; explicitFileType = wrapper.framework; includeInIndex = 0; path = Pods_CardsExerciseTests.framework; sourceTree = BUILT_PRODUCTS_DIR; };
/* End PBXFileReference section */

/* Begin PBXFrameworksBuildPhase section */
		4995C1CA1FB7373800D856BB /* Frameworks */ = {
			isa = PBXFrameworksBuildPhase;
			buildActionMask = 2147483647;
			files = (
				5C9D3B19AE98AEC749C69B18 /* Pods_CardsExercise.framework in Frameworks */,
			);
			runOnlyForDeploymentPostprocessing = 0;
		};
		4995C1DE1FB7373800D856BB /* Frameworks */ = {
			isa = PBXFrameworksBuildPhase;
			buildActionMask = 2147483647;
			files = (
				8C5AAE7F709EF3AB93865113 /* Pods_CardsExerciseTests.framework in Frameworks */,
			);
			runOnlyForDeploymentPostprocessing = 0;
		};
/* End PBXFrameworksBuildPhase section */

/* Begin PBXGroup section */
		38F91B2A9BDFBFC641184454 /* Pods */ = {
			isa = PBXGroup;
			children = (
				17D56C5FA955A4B489526C0C /* Pods-CardsExercise.debug.xcconfig */,
				C4C6DA4587D61F4B9BB24DCD /* Pods-CardsExercise.release.xcconfig */,
				2A0565C09CC7DC44BC7823A4 /* Pods-CardsExerciseTests.debug.xcconfig */,
				BCDA31FAF63E5218DDE78414 /* Pods-CardsExerciseTests.release.xcconfig */,
			);
			name = Pods;
			sourceTree = "<group>";
		};
		4995C1C41FB7373800D856BB = {
			isa = PBXGroup;
			children = (
				4995C1CF1FB7373800D856BB /* CardsExercise */,
				4995C1E41FB7373800D856BB /* CardsExerciseTests */,
				4995C1CE1FB7373800D856BB /* Products */,
				38F91B2A9BDFBFC641184454 /* Pods */,
				9E18FCE0C8FF364E844C042B /* Frameworks */,
			);
			sourceTree = "<group>";
		};
		4995C1CE1FB7373800D856BB /* Products */ = {
			isa = PBXGroup;
			children = (
				4995C1CD1FB7373800D856BB /* CardsExercise.app */,
				4995C1E11FB7373800D856BB /* CardsExerciseTests.xctest */,
			);
			name = Products;
			sourceTree = "<group>";
		};
		4995C1CF1FB7373800D856BB /* CardsExercise */ = {
			isa = PBXGroup;
			children = (
				4995C1D01FB7373800D856BB /* AppDelegate.swift */,
				4995C1D71FB7373800D856BB /* Assets.xcassets */,
				4995C1D91FB7373800D856BB /* LaunchScreen.storyboard */,
				4995C1DC1FB7373800D856BB /* Info.plist */,
				497E82B11FB73B1900A15902 /* CardTableViewCell.swift */,
				49AA0A431FB77D5E00323E84 /* CardRepository.swift */,
				49AA0A451FB7852900323E84 /* Card.swift */,
				49AA0A471FB86E0400323E84 /* CardsViewController.swift */,
				49E7EB721FB879B4000FCF8E /* ActionsTabView.swift */,
				49E7EB741FB87AE3000FCF8E /* CodeView.swift */,
				49E7EB781FB887BD000FCF8E /* CardsControllerView.swift */,
				493E3A0A1FBC6A53009971A5 /* CardsDataSource.swift */,
			);
			path = CardsExercise;
			sourceTree = "<group>";
		};
		4995C1E41FB7373800D856BB /* CardsExerciseTests */ = {
			isa = PBXGroup;
			children = (
				4995C1E71FB7373800D856BB /* Info.plist */,
				497E82B51FB77BD200A15902 /* CardsRepositoryServiceSpec.swift */,
				49E7EB701FB87992000FCF8E /* ActionsTabViewSpec.swift */,
				493E3A0C1FBC6A71009971A5 /* CardsDataSourceSpec.swift */,
			);
			path = CardsExerciseTests;
			sourceTree = "<group>";
		};
		9E18FCE0C8FF364E844C042B /* Frameworks */ = {
			isa = PBXGroup;
			children = (
				A93F59E6F510D4375B36FDE4 /* Pods_CardsExercise.framework */,
				F9C0026C28D27DC921993933 /* Pods_CardsExerciseTests.framework */,
			);
			name = Frameworks;
			sourceTree = "<group>";
		};
/* End PBXGroup section */

/* Begin PBXNativeTarget section */
		4995C1CC1FB7373800D856BB /* CardsExercise */ = {
			isa = PBXNativeTarget;
			buildConfigurationList = 4995C1EA1FB7373800D856BB /* Build configuration list for PBXNativeTarget "CardsExercise" */;
			buildPhases = (
				3859898B60D4E6B9AA6884DC /* [CP] Check Pods Manifest.lock */,
				4995C1C91FB7373800D856BB /* Sources */,
				4995C1CA1FB7373800D856BB /* Frameworks */,
				4995C1CB1FB7373800D856BB /* Resources */,
				E41204FCDF26872F7F799F15 /* [CP] Embed Pods Frameworks */,
				0123B986335957A00EF9857E /* [CP] Copy Pods Resources */,
			);
			buildRules = (
			);
			dependencies = (
			);
			name = CardsExercise;
			productName = CardsExercise;
			productReference = 4995C1CD1FB7373800D856BB /* CardsExercise.app */;
			productType = "com.apple.product-type.application";
		};
		4995C1E01FB7373800D856BB /* CardsExerciseTests */ = {
			isa = PBXNativeTarget;
			buildConfigurationList = 4995C1ED1FB7373800D856BB /* Build configuration list for PBXNativeTarget "CardsExerciseTests" */;
			buildPhases = (
				A61C3C5CB9611046D82FAB26 /* [CP] Check Pods Manifest.lock */,
				4995C1DD1FB7373800D856BB /* Sources */,
				4995C1DE1FB7373800D856BB /* Frameworks */,
				4995C1DF1FB7373800D856BB /* Resources */,
				BDB31A613AF1437795072AA7 /* [CP] Embed Pods Frameworks */,
				92D1B3DA1D4FACF707C02E54 /* [CP] Copy Pods Resources */,
			);
			buildRules = (
			);
			dependencies = (
				4995C1E31FB7373800D856BB /* PBXTargetDependency */,
			);
			name = CardsExerciseTests;
			productName = CardsExerciseTests;
			productReference = 4995C1E11FB7373800D856BB /* CardsExerciseTests.xctest */;
			productType = "com.apple.product-type.bundle.unit-test";
		};
/* End PBXNativeTarget section */

/* Begin PBXProject section */
		4995C1C51FB7373800D856BB /* Project object */ = {
			isa = PBXProject;
			attributes = {
				LastSwiftUpdateCheck = 0910;
				LastUpgradeCheck = 0910;
				ORGANIZATIONNAME = "Fernanda Bezerra";
				TargetAttributes = {
					4995C1CC1FB7373800D856BB = {
						CreatedOnToolsVersion = 9.1;
						ProvisioningStyle = Automatic;
					};
					4995C1E01FB7373800D856BB = {
						CreatedOnToolsVersion = 9.1;
						LastSwiftMigration = 0910;
						ProvisioningStyle = Automatic;
						TestTargetID = 4995C1CC1FB7373800D856BB;
					};
				};
			};
			buildConfigurationList = 4995C1C81FB7373800D856BB /* Build configuration list for PBXProject "CardsExercise" */;
			compatibilityVersion = "Xcode 8.0";
			developmentRegion = en;
			hasScannedForEncodings = 0;
			knownRegions = (
				en,
				Base,
			);
			mainGroup = 4995C1C41FB7373800D856BB;
			productRefGroup = 4995C1CE1FB7373800D856BB /* Products */;
			projectDirPath = "";
			projectRoot = "";
			targets = (
				4995C1CC1FB7373800D856BB /* CardsExercise */,
				4995C1E01FB7373800D856BB /* CardsExerciseTests */,
			);
		};
/* End PBXProject section */

/* Begin PBXResourcesBuildPhase section */
		4995C1CB1FB7373800D856BB /* Resources */ = {
			isa = PBXResourcesBuildPhase;
			buildActionMask = 2147483647;
			files = (
				4995C1DB1FB7373800D856BB /* LaunchScreen.storyboard in Resources */,
				4995C1D81FB7373800D856BB /* Assets.xcassets in Resources */,
			);
			runOnlyForDeploymentPostprocessing = 0;
		};
		4995C1DF1FB7373800D856BB /* Resources */ = {
			isa = PBXResourcesBuildPhase;
			buildActionMask = 2147483647;
			files = (
			);
			runOnlyForDeploymentPostprocessing = 0;
		};
/* End PBXResourcesBuildPhase section */

/* Begin PBXShellScriptBuildPhase section */
		0123B986335957A00EF9857E /* [CP] Copy Pods Resources */ = {
			isa = PBXShellScriptBuildPhase;
			buildActionMask = 2147483647;
			files = (
			);
			inputPaths = (
			);
			name = "[CP] Copy Pods Resources";
			outputPaths = (
			);
			runOnlyForDeploymentPostprocessing = 0;
			shellPath = /bin/sh;
			shellScript = "\"${SRCROOT}/Pods/Target Support Files/Pods-CardsExercise/Pods-CardsExercise-resources.sh\"\n";
			showEnvVarsInLog = 0;
		};
		3859898B60D4E6B9AA6884DC /* [CP] Check Pods Manifest.lock */ = {
			isa = PBXShellScriptBuildPhase;
			buildActionMask = 2147483647;
			files = (
			);
			inputPaths = (
				"${PODS_PODFILE_DIR_PATH}/Podfile.lock",
				"${PODS_ROOT}/Manifest.lock",
			);
			name = "[CP] Check Pods Manifest.lock";
			outputPaths = (
				"$(DERIVED_FILE_DIR)/Pods-CardsExercise-checkManifestLockResult.txt",
			);
			runOnlyForDeploymentPostprocessing = 0;
			shellPath = /bin/sh;
			shellScript = "diff \"${PODS_PODFILE_DIR_PATH}/Podfile.lock\" \"${PODS_ROOT}/Manifest.lock\" > /dev/null\nif [ $? != 0 ] ; then\n    # print error to STDERR\n    echo \"error: The sandbox is not in sync with the Podfile.lock. Run 'pod install' or update your CocoaPods installation.\" >&2\n    exit 1\nfi\n# This output is used by Xcode 'outputs' to avoid re-running this script phase.\necho \"SUCCESS\" > \"${SCRIPT_OUTPUT_FILE_0}\"\n";
			showEnvVarsInLog = 0;
		};
		92D1B3DA1D4FACF707C02E54 /* [CP] Copy Pods Resources */ = {
			isa = PBXShellScriptBuildPhase;
			buildActionMask = 2147483647;
			files = (
			);
			inputPaths = (
			);
			name = "[CP] Copy Pods Resources";
			outputPaths = (
			);
			runOnlyForDeploymentPostprocessing = 0;
			shellPath = /bin/sh;
			shellScript = "\"${SRCROOT}/Pods/Target Support Files/Pods-CardsExerciseTests/Pods-CardsExerciseTests-resources.sh\"\n";
			showEnvVarsInLog = 0;
		};
		A61C3C5CB9611046D82FAB26 /* [CP] Check Pods Manifest.lock */ = {
			isa = PBXShellScriptBuildPhase;
			buildActionMask = 2147483647;
			files = (
			);
			inputPaths = (
				"${PODS_PODFILE_DIR_PATH}/Podfile.lock",
				"${PODS_ROOT}/Manifest.lock",
			);
			name = "[CP] Check Pods Manifest.lock";
			outputPaths = (
				"$(DERIVED_FILE_DIR)/Pods-CardsExerciseTests-checkManifestLockResult.txt",
			);
			runOnlyForDeploymentPostprocessing = 0;
			shellPath = /bin/sh;
			shellScript = "diff \"${PODS_PODFILE_DIR_PATH}/Podfile.lock\" \"${PODS_ROOT}/Manifest.lock\" > /dev/null\nif [ $? != 0 ] ; then\n    # print error to STDERR\n    echo \"error: The sandbox is not in sync with the Podfile.lock. Run 'pod install' or update your CocoaPods installation.\" >&2\n    exit 1\nfi\n# This output is used by Xcode 'outputs' to avoid re-running this script phase.\necho \"SUCCESS\" > \"${SCRIPT_OUTPUT_FILE_0}\"\n";
			showEnvVarsInLog = 0;
		};
		BDB31A613AF1437795072AA7 /* [CP] Embed Pods Frameworks */ = {
			isa = PBXShellScriptBuildPhase;
			buildActionMask = 2147483647;
			files = (
			);
			inputPaths = (
				"${SRCROOT}/Pods/Target Support Files/Pods-CardsExerciseTests/Pods-CardsExerciseTests-frameworks.sh",
				"${BUILT_PRODUCTS_DIR}/FBSnapshotTestCase/FBSnapshotTestCase.framework",
				"${BUILT_PRODUCTS_DIR}/KIF/KIF.framework",
				"${BUILT_PRODUCTS_DIR}/KIF-Quick/KIF_Quick.framework",
				"${BUILT_PRODUCTS_DIR}/Nimble/Nimble.framework",
				"${BUILT_PRODUCTS_DIR}/Nimble-Snapshots/Nimble_Snapshots.framework",
				"${BUILT_PRODUCTS_DIR}/Quick/Quick.framework",
			);
			name = "[CP] Embed Pods Frameworks";
			outputPaths = (
				"${TARGET_BUILD_DIR}/${FRAMEWORKS_FOLDER_PATH}/FBSnapshotTestCase.framework",
				"${TARGET_BUILD_DIR}/${FRAMEWORKS_FOLDER_PATH}/KIF.framework",
				"${TARGET_BUILD_DIR}/${FRAMEWORKS_FOLDER_PATH}/KIF_Quick.framework",
				"${TARGET_BUILD_DIR}/${FRAMEWORKS_FOLDER_PATH}/Nimble.framework",
				"${TARGET_BUILD_DIR}/${FRAMEWORKS_FOLDER_PATH}/Nimble_Snapshots.framework",
				"${TARGET_BUILD_DIR}/${FRAMEWORKS_FOLDER_PATH}/Quick.framework",
			);
			runOnlyForDeploymentPostprocessing = 0;
			shellPath = /bin/sh;
			shellScript = "\"${SRCROOT}/Pods/Target Support Files/Pods-CardsExerciseTests/Pods-CardsExerciseTests-frameworks.sh\"\n";
			showEnvVarsInLog = 0;
		};
		E41204FCDF26872F7F799F15 /* [CP] Embed Pods Frameworks */ = {
			isa = PBXShellScriptBuildPhase;
			buildActionMask = 2147483647;
			files = (
			);
			inputPaths = (
				"${SRCROOT}/Pods/Target Support Files/Pods-CardsExercise/Pods-CardsExercise-frameworks.sh",
				"${BUILT_PRODUCTS_DIR}/Reusable/Reusable.framework",
				"${BUILT_PRODUCTS_DIR}/SnapKit/SnapKit.framework",
			);
			name = "[CP] Embed Pods Frameworks";
			outputPaths = (
				"${TARGET_BUILD_DIR}/${FRAMEWORKS_FOLDER_PATH}/Reusable.framework",
				"${TARGET_BUILD_DIR}/${FRAMEWORKS_FOLDER_PATH}/SnapKit.framework",
			);
			runOnlyForDeploymentPostprocessing = 0;
			shellPath = /bin/sh;
			shellScript = "\"${SRCROOT}/Pods/Target Support Files/Pods-CardsExercise/Pods-CardsExercise-frameworks.sh\"\n";
			showEnvVarsInLog = 0;
		};
/* End PBXShellScriptBuildPhase section */

/* Begin PBXSourcesBuildPhase section */
		4995C1C91FB7373800D856BB /* Sources */ = {
			isa = PBXSourcesBuildPhase;
			buildActionMask = 2147483647;
			files = (
				49E7EB791FB887BD000FCF8E /* CardsControllerView.swift in Sources */,
				49AA0A441FB77D5E00323E84 /* CardRepository.swift in Sources */,
				49AA0A461FB7852900323E84 /* Card.swift in Sources */,
				49AA0A481FB86E0400323E84 /* CardsViewController.swift in Sources */,
				493E3A0B1FBC6A53009971A5 /* CardsDataSource.swift in Sources */,
				497E82B21FB73B1900A15902 /* CardTableViewCell.swift in Sources */,
				49E7EB731FB879B4000FCF8E /* ActionsTabView.swift in Sources */,
				4995C1D11FB7373800D856BB /* AppDelegate.swift in Sources */,
				49E7EB751FB87AE3000FCF8E /* CodeView.swift in Sources */,
			);
			runOnlyForDeploymentPostprocessing = 0;
		};
		4995C1DD1FB7373800D856BB /* Sources */ = {
			isa = PBXSourcesBuildPhase;
			buildActionMask = 2147483647;
			files = (
				497E82B61FB77BD200A15902 /* CardsRepositoryServiceSpec.swift in Sources */,
				493E3A0D1FBC6A71009971A5 /* CardsDataSourceSpec.swift in Sources */,
				49E7EB711FB87992000FCF8E /* ActionsTabViewSpec.swift in Sources */,
			);
			runOnlyForDeploymentPostprocessing = 0;
		};
/* End PBXSourcesBuildPhase section */

/* Begin PBXTargetDependency section */
		4995C1E31FB7373800D856BB /* PBXTargetDependency */ = {
			isa = PBXTargetDependency;
			target = 4995C1CC1FB7373800D856BB /* CardsExercise */;
			targetProxy = 4995C1E21FB7373800D856BB /* PBXContainerItemProxy */;
		};
/* End PBXTargetDependency section */

/* Begin PBXVariantGroup section */
		4995C1D91FB7373800D856BB /* LaunchScreen.storyboard */ = {
			isa = PBXVariantGroup;
			children = (
				4995C1DA1FB7373800D856BB /* Base */,
			);
			name = LaunchScreen.storyboard;
			sourceTree = "<group>";
		};
/* End PBXVariantGroup section */

/* Begin XCBuildConfiguration section */
		4995C1E81FB7373800D856BB /* Debug */ = {
			isa = XCBuildConfiguration;
			buildSettings = {
				ALWAYS_SEARCH_USER_PATHS = NO;
				CLANG_ANALYZER_NONNULL = YES;
				CLANG_ANALYZER_NUMBER_OBJECT_CONVERSION = YES_AGGRESSIVE;
				CLANG_CXX_LANGUAGE_STANDARD = "gnu++14";
				CLANG_CXX_LIBRARY = "libc++";
				CLANG_ENABLE_MODULES = YES;
				CLANG_ENABLE_OBJC_ARC = YES;
				CLANG_WARN_BLOCK_CAPTURE_AUTORELEASING = YES;
				CLANG_WARN_BOOL_CONVERSION = YES;
				CLANG_WARN_COMMA = YES;
				CLANG_WARN_CONSTANT_CONVERSION = YES;
				CLANG_WARN_DIRECT_OBJC_ISA_USAGE = YES_ERROR;
				CLANG_WARN_DOCUMENTATION_COMMENTS = YES;
				CLANG_WARN_EMPTY_BODY = YES;
				CLANG_WARN_ENUM_CONVERSION = YES;
				CLANG_WARN_INFINITE_RECURSION = YES;
				CLANG_WARN_INT_CONVERSION = YES;
				CLANG_WARN_NON_LITERAL_NULL_CONVERSION = YES;
				CLANG_WARN_OBJC_LITERAL_CONVERSION = YES;
				CLANG_WARN_OBJC_ROOT_CLASS = YES_ERROR;
				CLANG_WARN_RANGE_LOOP_ANALYSIS = YES;
				CLANG_WARN_STRICT_PROTOTYPES = YES;
				CLANG_WARN_SUSPICIOUS_MOVE = YES;
				CLANG_WARN_UNGUARDED_AVAILABILITY = YES_AGGRESSIVE;
				CLANG_WARN_UNREACHABLE_CODE = YES;
				CLANG_WARN__DUPLICATE_METHOD_MATCH = YES;
				CODE_SIGN_IDENTITY = "iPhone Developer";
				COPY_PHASE_STRIP = NO;
				DEBUG_INFORMATION_FORMAT = dwarf;
				ENABLE_STRICT_OBJC_MSGSEND = YES;
				ENABLE_TESTABILITY = YES;
				GCC_C_LANGUAGE_STANDARD = gnu11;
				GCC_DYNAMIC_NO_PIC = NO;
				GCC_NO_COMMON_BLOCKS = YES;
				GCC_OPTIMIZATION_LEVEL = 0;
				GCC_PREPROCESSOR_DEFINITIONS = (
					"DEBUG=1",
					"$(inherited)",
				);
				GCC_WARN_64_TO_32_BIT_CONVERSION = YES;
				GCC_WARN_ABOUT_RETURN_TYPE = YES_ERROR;
				GCC_WARN_UNDECLARED_SELECTOR = YES;
				GCC_WARN_UNINITIALIZED_AUTOS = YES_AGGRESSIVE;
				GCC_WARN_UNUSED_FUNCTION = YES;
				GCC_WARN_UNUSED_VARIABLE = YES;
				IPHONEOS_DEPLOYMENT_TARGET = 11.1;
				MTL_ENABLE_DEBUG_INFO = YES;
				ONLY_ACTIVE_ARCH = YES;
				SDKROOT = iphoneos;
				SWIFT_ACTIVE_COMPILATION_CONDITIONS = DEBUG;
				SWIFT_OPTIMIZATION_LEVEL = "-Onone";
			};
			name = Debug;
		};
		4995C1E91FB7373800D856BB /* Release */ = {
			isa = XCBuildConfiguration;
			buildSettings = {
				ALWAYS_SEARCH_USER_PATHS = NO;
				CLANG_ANALYZER_NONNULL = YES;
				CLANG_ANALYZER_NUMBER_OBJECT_CONVERSION = YES_AGGRESSIVE;
				CLANG_CXX_LANGUAGE_STANDARD = "gnu++14";
				CLANG_CXX_LIBRARY = "libc++";
				CLANG_ENABLE_MODULES = YES;
				CLANG_ENABLE_OBJC_ARC = YES;
				CLANG_WARN_BLOCK_CAPTURE_AUTORELEASING = YES;
				CLANG_WARN_BOOL_CONVERSION = YES;
				CLANG_WARN_COMMA = YES;
				CLANG_WARN_CONSTANT_CONVERSION = YES;
				CLANG_WARN_DIRECT_OBJC_ISA_USAGE = YES_ERROR;
				CLANG_WARN_DOCUMENTATION_COMMENTS = YES;
				CLANG_WARN_EMPTY_BODY = YES;
				CLANG_WARN_ENUM_CONVERSION = YES;
				CLANG_WARN_INFINITE_RECURSION = YES;
				CLANG_WARN_INT_CONVERSION = YES;
				CLANG_WARN_NON_LITERAL_NULL_CONVERSION = YES;
				CLANG_WARN_OBJC_LITERAL_CONVERSION = YES;
				CLANG_WARN_OBJC_ROOT_CLASS = YES_ERROR;
				CLANG_WARN_RANGE_LOOP_ANALYSIS = YES;
				CLANG_WARN_STRICT_PROTOTYPES = YES;
				CLANG_WARN_SUSPICIOUS_MOVE = YES;
				CLANG_WARN_UNGUARDED_AVAILABILITY = YES_AGGRESSIVE;
				CLANG_WARN_UNREACHABLE_CODE = YES;
				CLANG_WARN__DUPLICATE_METHOD_MATCH = YES;
				CODE_SIGN_IDENTITY = "iPhone Developer";
				COPY_PHASE_STRIP = NO;
				DEBUG_INFORMATION_FORMAT = "dwarf-with-dsym";
				ENABLE_NS_ASSERTIONS = NO;
				ENABLE_STRICT_OBJC_MSGSEND = YES;
				GCC_C_LANGUAGE_STANDARD = gnu11;
				GCC_NO_COMMON_BLOCKS = YES;
				GCC_WARN_64_TO_32_BIT_CONVERSION = YES;
				GCC_WARN_ABOUT_RETURN_TYPE = YES_ERROR;
				GCC_WARN_UNDECLARED_SELECTOR = YES;
				GCC_WARN_UNINITIALIZED_AUTOS = YES_AGGRESSIVE;
				GCC_WARN_UNUSED_FUNCTION = YES;
				GCC_WARN_UNUSED_VARIABLE = YES;
				IPHONEOS_DEPLOYMENT_TARGET = 11.1;
				MTL_ENABLE_DEBUG_INFO = NO;
				SDKROOT = iphoneos;
				SWIFT_OPTIMIZATION_LEVEL = "-Owholemodule";
				VALIDATE_PRODUCT = YES;
			};
			name = Release;
		};
		4995C1EB1FB7373800D856BB /* Debug */ = {
			isa = XCBuildConfiguration;
			baseConfigurationReference = 17D56C5FA955A4B489526C0C /* Pods-CardsExercise.debug.xcconfig */;
			buildSettings = {
				ASSETCATALOG_COMPILER_APPICON_NAME = AppIcon;
				CODE_SIGN_STYLE = Automatic;
				INFOPLIST_FILE = CardsExercise/Info.plist;
				LD_RUNPATH_SEARCH_PATHS = "$(inherited) @executable_path/Frameworks";
				PRODUCT_BUNDLE_IDENTIFIER = com.fernanda.CardsExercise;
				PRODUCT_NAME = "$(TARGET_NAME)";
				SWIFT_VERSION = 4.0;
				TARGETED_DEVICE_FAMILY = "1,2";
			};
			name = Debug;
		};
		4995C1EC1FB7373800D856BB /* Release */ = {
			isa = XCBuildConfiguration;
			baseConfigurationReference = C4C6DA4587D61F4B9BB24DCD /* Pods-CardsExercise.release.xcconfig */;
			buildSettings = {
				ASSETCATALOG_COMPILER_APPICON_NAME = AppIcon;
				CODE_SIGN_STYLE = Automatic;
				INFOPLIST_FILE = CardsExercise/Info.plist;
				LD_RUNPATH_SEARCH_PATHS = "$(inherited) @executable_path/Frameworks";
				PRODUCT_BUNDLE_IDENTIFIER = com.fernanda.CardsExercise;
				PRODUCT_NAME = "$(TARGET_NAME)";
				SWIFT_VERSION = 4.0;
				TARGETED_DEVICE_FAMILY = "1,2";
			};
			name = Release;
		};
		4995C1EE1FB7373800D856BB /* Debug */ = {
			isa = XCBuildConfiguration;
			baseConfigurationReference = 2A0565C09CC7DC44BC7823A4 /* Pods-CardsExerciseTests.debug.xcconfig */;
			buildSettings = {
				ALWAYS_EMBED_SWIFT_STANDARD_LIBRARIES = YES;
				BUNDLE_LOADER = "$(TEST_HOST)";
				CLANG_ENABLE_MODULES = YES;
				CODE_SIGN_STYLE = Automatic;
				INFOPLIST_FILE = CardsExerciseTests/Info.plist;
				LD_RUNPATH_SEARCH_PATHS = "$(inherited) @executable_path/Frameworks @loader_path/Frameworks";
				PRODUCT_BUNDLE_IDENTIFIER = com.fernanda.CardsExerciseTests;
				PRODUCT_NAME = "$(TARGET_NAME)";
				SWIFT_OPTIMIZATION_LEVEL = "-Onone";
				SWIFT_VERSION = 4.0;
				TARGETED_DEVICE_FAMILY = "1,2";
				TEST_HOST = "$(BUILT_PRODUCTS_DIR)/CardsExercise.app/CardsExercise";
			};
			name = Debug;
		};
		4995C1EF1FB7373800D856BB /* Release */ = {
			isa = XCBuildConfiguration;
			baseConfigurationReference = BCDA31FAF63E5218DDE78414 /* Pods-CardsExerciseTests.release.xcconfig */;
			buildSettings = {
				ALWAYS_EMBED_SWIFT_STANDARD_LIBRARIES = YES;
				BUNDLE_LOADER = "$(TEST_HOST)";
				CLANG_ENABLE_MODULES = YES;
				CODE_SIGN_STYLE = Automatic;
				INFOPLIST_FILE = CardsExerciseTests/Info.plist;
				LD_RUNPATH_SEARCH_PATHS = "$(inherited) @executable_path/Frameworks @loader_path/Frameworks";
				PRODUCT_BUNDLE_IDENTIFIER = com.fernanda.CardsExerciseTests;
				PRODUCT_NAME = "$(TARGET_NAME)";
				SWIFT_VERSION = 4.0;
				TARGETED_DEVICE_FAMILY = "1,2";
				TEST_HOST = "$(BUILT_PRODUCTS_DIR)/CardsExercise.app/CardsExercise";
			};
			name = Release;
		};
/* End XCBuildConfiguration section */

/* Begin XCConfigurationList section */
		4995C1C81FB7373800D856BB /* Build configuration list for PBXProject "CardsExercise" */ = {
			isa = XCConfigurationList;
			buildConfigurations = (
				4995C1E81FB7373800D856BB /* Debug */,
				4995C1E91FB7373800D856BB /* Release */,
			);
			defaultConfigurationIsVisible = 0;
			defaultConfigurationName = Release;
		};
		4995C1EA1FB7373800D856BB /* Build configuration list for PBXNativeTarget "CardsExercise" */ = {
			isa = XCConfigurationList;
			buildConfigurations = (
				4995C1EB1FB7373800D856BB /* Debug */,
				4995C1EC1FB7373800D856BB /* Release */,
			);
			defaultConfigurationIsVisible = 0;
			defaultConfigurationName = Release;
		};
		4995C1ED1FB7373800D856BB /* Build configuration list for PBXNativeTarget "CardsExerciseTests" */ = {
			isa = XCConfigurationList;
			buildConfigurations = (
				4995C1EE1FB7373800D856BB /* Debug */,
				4995C1EF1FB7373800D856BB /* Release */,
			);
			defaultConfigurationIsVisible = 0;
			defaultConfigurationName = Release;
		};
/* End XCConfigurationList section */
	};
	rootObject = 4995C1C51FB7373800D856BB /* Project object */;
}
